
Microsoft Visual Studio Solution File, Format Version 12.00
# Visual Studio Version 17
VisualStudioVersion = 17.5.33516.290
MinimumVisualStudioVersion = 10.0.40219.1
Project("{FAE04EC0-301F-11D3-BF4B-00C04F79EFBC}") = "AppSantiago", "AppSantiago\AppSantiago.csproj", "{FEC985B5-21B6-43EE-8D90-49F9FA89E10F}"
EndProject
Global
	GlobalSection(SolutionConfigurationPlatforms) = preSolution
		Debug|Any CPU = Debug|Any CPU
		Release|Any CPU = Release|Any CPU
	EndGlobalSection
	GlobalSection(ProjectConfigurationPlatforms) = postSolution
		{FEC985B5-21B6-43EE-8D90-49F9FA89E10F}.Debug|Any CPU.ActiveCfg = Debug|Any CPU
		{FEC985B5-21B6-43EE-8D90-49F9FA89E10F}.Debug|Any CPU.Build.0 = Debug|Any CPU
		{FEC985B5-21B6-43EE-8D90-49F9FA89E10F}.Release|Any CPU.ActiveCfg = Release|Any CPU
		{FEC985B5-21B6-43EE-8D90-49F9FA89E10F}.Release|Any CPU.Build.0 = Release|Any CPU
	EndGlobalSection
	GlobalSection(SolutionProperties) = preSolution
		HideSolutionNode = FALSE
	EndGlobalSection
	GlobalSection(ExtensibilityGlobals) = postSolution
		SolutionGuid = {37D2137B-0D5A-4FD9-B0DC-AD2270BB31A3}
	EndGlobalSection
EndGlobal
